
{
  "name": "tasktribe-app",
  "version": "1.0.0",
  "lockfileVersion": 3,
  "requires": true,
  "packages": {
    "": {
      "name": "tasktribe-app",
      "version": "1.0.0",
      "dependencies": {
        "@google/genai": "^1.27.0",
        "react": "^19.2.0",
        "react-dom": "^19.2.0"
      },
      "devDependencies": {
        "@types/react": "^18.3.3",
        "@types/react-dom": "^18.3.0",
        "typescript": "^5.5.3"
      }
    },
    "node_modules/@google/genai": {
      "version": "1.27.0",
      "resolved": "https://aistudiocdn.com/@google/genai@^1.27.0",
      "integrity": "sha512-Y1/BqXkavA6wCAvThvOPiLzYpW/ZqfVRQ9AYyYm1N1h/5Xj1A6S0uP/x4+8tO1oFRpY2FjHlC2w9d2n9E54d1Q==",
      "engines": {
        "node": ">=18.0.0"
      }
    },
    "node_modules/@types/prop-types": {
      "version": "15.7.12",
      "resolved": "https://registry.npmjs.org/@types/prop-types/-/prop-types-15.7.12.tgz",
      "integrity": "sha512-5zvhFVsfeB6VkIr2yAdFq2waqwe3Id7pZG163T/CR6LVgGy3I9fA9jERe32pAlw52/8NnIZStmdP0s8nCsar3Q==",
      "dev": true
    },
    "node_modules/@types/react": {
      "version": "18.3.3",
      "resolved": "https://registry.npmjs.org/@types/react/-/react-18.3.3.tgz",
      "integrity": "sha512-hti/R0pS0q1/cpxhi1xfjcKhmB5S1e+9+2A2uW3TP+Be5I3X2D/p5T9W3T1q0gE0iYXha82+KZY3T5E452FBGQ==",
      "dev": true,
      "dependencies": {
        "@types/prop-types": "*",
        "csstype": "^3.0.2"
      }
    },
    "node_modules/@types/react-dom": {
      "version": "18.3.0",
      "resolved": "https://registry.npmjs.org/@types/react-dom/-/react-dom-18.3.0.tgz",
      "integrity": "sha512-e81vF9O1M7lb00T2cGGowQ2DDEov28A5s7fO9gu8Q1x/oUfHV5v1rqs96L1zro2F7i2yN3Hj2fW5T5UfB7oV3A==",
      "dev": true,
      "dependencies": {
        "@types/react": "*"
      }
    },
    "node_modules/csstype": {
      "version": "3.1.3",
      "resolved": "https://registry.npmjs.org/csstype/-/csstype-3.1.3.tgz",
      "integrity": "sha512-M1uQkMl8rQK/szD0LNhtcwDiFAR9aK6p3cQvD1h3o7v9t7Eijdl3S1A8c/AL4K4uRzB1GfE742gBCeKyf2eXwA==",
      "dev": true
    },
    "node_modules/js-tokens": {
      "version": "4.0.0",
      "resolved": "https://registry.npmjs.org/js-tokens/-/js-tokens-4.0.0.tgz",
      "integrity": "sha512-RdJUflcE3cUzKiMqQgsCu06FPu9UdIJO0beYbPhHN4k6apgJtifcoCtT9bcxOpYBtpD2kCM6Sbzg4CausW/PKQ==",
      "dev": true
    },
    "node_modules/loose-envify": {
      "version": "1.4.0",
      "resolved": "https://registry.npmjs.org/loose-envify/-/loose-envify-1.4.0.tgz",
      "integrity": "sha512-lyuxPGr/Wfhrlem2CL/UcnUc1zcqKAImBDzukY7Y5F/yQiNdko6+fRLevlw1HgMySw7f611UIY408EtxRSoK3Q==",
      "dev": true,
      "dependencies": {
        "js-tokens": "^3.0.0 || ^4.0.0"
      },
      "bin": {
        "loose-envify": "cli.js"
      }
    },
    "node_modules/react": {
      "version": "19.2.0-beta-1219b12a-20240726",
      "resolved": "https://aistudiocdn.com/react@^19.2.0",
      "integrity": "sha512-O7eE0q13/Kz2ot2rYaqF0D2n/23Q5O7+sFmkoyA1/rT0S1J+0+FwIe1gOEDjmWc4+i4E/z3Q/b6rVv+0yWX5lQ==",
      "dev": true,
      "dependencies": {
        "loose-envify": "^1.1.0"
      },
      "engines": {
        "node": ">=0.10.0"
      }
    },
    "node_modules/react-dom": {
      "version": "19.2.0-beta-1219b12a-20240726",
      "resolved": "https://aistudiocdn.com/react-dom@^19.2.0",
      "integrity": "sha512-Y3U3v3bC8+QvQx1wTzM9qJ93N4lF+8GcqVwJvV5P+Y9w/k6F174d3u/212K4SFLV2l2eGvj8r0eKImt+Q==",
      "dev": true,
      "dependencies": {
        "loose-envify": "^1.1.0",
        "scheduler": "^0.24.0-beta.1219b12a-20240726"
      },
      "peerDependencies": {
        "react": "^19.2.0-beta-1219b12a-20240726"
      }
    },
    "node_modules/scheduler": {
      "version": "0.24.0-beta.1219b12a-20240726",
      "resolved": "https://aistudiocdn.com/scheduler@^0.24.0",
      "integrity": "sha512-n20b/2QvOfO1af6pDxeH23hK9rD/4GZp4mG2A7O/Qo0mOCyA2qf4b9I3L1+p/1B2/a+v7dM3dGk6s302A==",
      "dev": true,
      "dependencies": {
        "loose-envify": "^1.1.0"
      }
    },
    "node_modules/typescript": {
      "version": "5.5.3",
      "resolved": "https://registry.npmjs.org/typescript/-/typescript-5.5.3.tgz",
      "integrity": "sha512-FnBRgLpLHy43vP4iX3I3+hR2inmBq28fK2UD4f2o8b5cvoGuq2ChT0nUfJp6Gv14w/GPK912YQoTnu2kL0x/6A==",
      "dev": true,
      "bin": {
        "tsc": "bin/tsc",
        "tsserver": "bin/tsserver"
      },
      "engines": {
        "node": ">=14.17"
      }
    }
  }
}
