{
  "name": "tasktribe-app",
  "version": "1.0.0",
  "lockfileVersion": 3,
  "requires": true,
  "packages": {
    "": {
      "name": "tasktribe-app",
      "version": "1.0.0",
      "dependencies": {
        "@google/genai": "1.27.0",
        "react": "19.2.0",
        "react-dom": "19.2.0"
      },
      "devDependencies": {
        "typescript": "5.5.3"
      }
    },
    "node_modules/@google/genai": {
      "version": "1.27.0",
      "resolved": "https://registry.npmjs.org/@google/genai/-/genai-1.27.0.tgz",
      "integrity": "sha512-Y1/BqXkavA6wCAvThvOPiLzYpW/ZqfVRQ9AYyYm1N1h/5Xj1A6S0uP/x4+8tO1oFRpY2FjHlC2w9d2n9E54d1Q==",
      "engines": {
        "node": ">=18.0.0"
      }
    },
    "node_modules/js-tokens": {
      "version": "4.0.0",
      "resolved": "https://registry.npmjs.org/js-tokens/-/js-tokens-4.0.0.tgz",
      "integrity": "sha512-RdJUflcE3cUzKiMqQgsCu06FPu9UdIJO0beYbPhHN4k6apgJtifcoCtT9bcxOpYBtpD2kCM6Sbzg4CausW/PKQ=="
    },
    "node_modules/loose-envify": {
      "version": "1.4.0",
      "resolved": "https://registry.npmjs.org/loose-envify/-/loose-envify-1.4.0.tgz",
      "integrity": "sha512-lyuxPGr/Wfhrlem2CL/UcnUc1zcqKAImBDzukY7Y5F/yQiNdko6+fRLevlw1HgMySw7f611UIY408EtxRSoK3Q==",
      "dependencies": {
        "js-tokens": "^3.0.0 || ^4.0.0"
      },
      "bin": {
        "loose-envify": "cli.js"
      }
    },
    "node_modules/react": {
      "version": "19.2.0",
      "resolved": "https://registry.npmjs.org/react/-/react-19.2.0.tgz",
      "integrity": "sha512-sJfe/e65N2h7SQ7V23LzTC2e8P1b2NwpdplmY/a9F2urO3d2fnKmM9WkO8/jApv4B6Lz3n5f3/r2hS39vxVevg==",
      "dependencies": {
        "loose-envify": "^1.1.0"
      },
      "engines": {
        "node": ">=0.10.0"
      }
    },
    "node_modules/react-dom": {
      "version": "19.2.0",
      "resolved": "https://registry.npmjs.org/react-dom/-/react-dom-19.2.0.tgz",
      "integrity": "sha512-aM/v4UoOM6c6e7J8sfvBfjP4tNb4sTEivTFNBBtl/3hRgy0712iYt/9Dq/tD3XkAwL3neLFB+GkIvq6y5M1xLw==",
      "dependencies": {
        "loose-envify": "^1.1.0",
        "scheduler": "^0.27.0"
      },
      "peerDependencies": {
        "react": "^19.2.0"
      }
    },
    "node_modules/scheduler": {
      "version": "0.27.0",
      "resolved": "https://registry.npmjs.org/scheduler/-/scheduler-0.27.0.tgz",
      "integrity": "sha512-s4KXR+mcR6yL46LdC282d8jnpbYd49F7y2T+B6Fyw0Xn1V26sYfGv1k2e5Vn1bA/Dm5w12PZ/XV32IyeA==",
      "dependencies": {
        "loose-envify": "^1.1.0"
      }
    },
    "node_modules/typescript": {
      "version": "5.5.3",
      "resolved": "https://registry.npmjs.org/typescript/-/typescript-5.5.3.tgz",
      "integrity": "sha512-FnBRgLpLHy43vP4iX3I3+hR2inmBq28fK2UD4f2o8b5cvoGuq2ChT0nUfJp6Gv14w/GPK912YQoTnu2kL0x/6A==",
      "dev": true,
      "bin": {
        "tsc": "bin/tsc",
        "tsserver": "bin/tsserver"
      },
      "engines": {
        "node": ">=14.17"
      }
    }
  }
}